
Microsoft Visual Studio Solution File, Format Version 12.00
# Visual Studio Version 16
VisualStudioVersion = 16.0.32602.291
MinimumVisualStudioVersion = 10.0.40219.1
Project("{888888A0-9F3D-457C-B088-3A5042F75D52}") = "DjangoWebProject4", "DjangoWebProject4\DjangoWebProject4.pyproj", "{A3A48078-238C-45B2-B7EB-68DFB7687DC9}"
EndProject
Global
	GlobalSection(SolutionConfigurationPlatforms) = preSolution
		Debug|Any CPU = Debug|Any CPU
		Release|Any CPU = Release|Any CPU
	EndGlobalSection
	GlobalSection(ProjectConfigurationPlatforms) = postSolution
		{A3A48078-238C-45B2-B7EB-68DFB7687DC9}.Debug|Any CPU.ActiveCfg = Debug|Any CPU
		{A3A48078-238C-45B2-B7EB-68DFB7687DC9}.Debug|Any CPU.Build.0 = Debug|Any CPU
		{A3A48078-238C-45B2-B7EB-68DFB7687DC9}.Release|Any CPU.ActiveCfg = Release|Any CPU
		{A3A48078-238C-45B2-B7EB-68DFB7687DC9}.Release|Any CPU.Build.0 = Release|Any CPU
	EndGlobalSection
	GlobalSection(SolutionProperties) = preSolution
		HideSolutionNode = FALSE
	EndGlobalSection
	GlobalSection(ExtensibilityGlobals) = postSolution
		SolutionGuid = {5ACF1E17-9F2A-46F9-B833-EAC3B62E8AA5}
	EndGlobalSection
EndGlobal
